
Microsoft Visual Studio Solution File, Format Version 11.00
# Visual Studio 2010
Project("{F184B08F-C81C-45F6-A57F-5ABD9991F28F}") = "HostChecker2010", "HostChecker2010\HostChecker2010.vbproj", "{5023B8CF-5F94-4CA5-80B6-8FE1FA403C8D}"
EndProject
Global
	GlobalSection(SolutionConfigurationPlatforms) = preSolution
		Debug|x86 = Debug|x86
		Release|x86 = Release|x86
	EndGlobalSection
	GlobalSection(ProjectConfigurationPlatforms) = postSolution
		{5023B8CF-5F94-4CA5-80B6-8FE1FA403C8D}.Debug|x86.ActiveCfg = Debug|x86
		{5023B8CF-5F94-4CA5-80B6-8FE1FA403C8D}.Debug|x86.Build.0 = Debug|x86
		{5023B8CF-5F94-4CA5-80B6-8FE1FA403C8D}.Release|x86.ActiveCfg = Release|x86
		{5023B8CF-5F94-4CA5-80B6-8FE1FA403C8D}.Release|x86.Build.0 = Release|x86
	EndGlobalSection
	GlobalSection(SolutionProperties) = preSolution
		HideSolutionNode = FALSE
	EndGlobalSection
EndGlobal
